
Microsoft Visual Studio Solution File, Format Version 12.00
# Visual Studio Version 17
VisualStudioVersion = 17.1.32414.318
MinimumVisualStudioVersion = 10.0.40219.1
Project("{FAE04EC0-301F-11D3-BF4B-00C04F79EFBC}") = "WindowsFormsApp", "WindowsFormsApp\WindowsFormsApp.csproj", "{FC19699A-705C-4BD7-8432-F9175EA140D0}"
EndProject
Project("{FAE04EC0-301F-11D3-BF4B-00C04F79EFBC}") = "OOPLib", "OOPLib\OOPLib.csproj", "{A4E6C3CB-A2EF-42E0-AF7B-2AFC261C9B29}"
EndProject
Global
	GlobalSection(SolutionConfigurationPlatforms) = preSolution
		Debug|Any CPU = Debug|Any CPU
		Release|Any CPU = Release|Any CPU
	EndGlobalSection
	GlobalSection(ProjectConfigurationPlatforms) = postSolution
		{FC19699A-705C-4BD7-8432-F9175EA140D0}.Debug|Any CPU.ActiveCfg = Debug|Any CPU
		{FC19699A-705C-4BD7-8432-F9175EA140D0}.Debug|Any CPU.Build.0 = Debug|Any CPU
		{FC19699A-705C-4BD7-8432-F9175EA140D0}.Release|Any CPU.ActiveCfg = Release|Any CPU
		{FC19699A-705C-4BD7-8432-F9175EA140D0}.Release|Any CPU.Build.0 = Release|Any CPU
		{A4E6C3CB-A2EF-42E0-AF7B-2AFC261C9B29}.Debug|Any CPU.ActiveCfg = Debug|Any CPU
		{A4E6C3CB-A2EF-42E0-AF7B-2AFC261C9B29}.Debug|Any CPU.Build.0 = Debug|Any CPU
		{A4E6C3CB-A2EF-42E0-AF7B-2AFC261C9B29}.Release|Any CPU.ActiveCfg = Release|Any CPU
		{A4E6C3CB-A2EF-42E0-AF7B-2AFC261C9B29}.Release|Any CPU.Build.0 = Release|Any CPU
	EndGlobalSection
	GlobalSection(SolutionProperties) = preSolution
		HideSolutionNode = FALSE
	EndGlobalSection
	GlobalSection(ExtensibilityGlobals) = postSolution
		SolutionGuid = {5A1426BD-ADA9-4135-8193-833710B47661}
	EndGlobalSection
EndGlobal
